
Microsoft Visual Studio Solution File, Format Version 12.00
# Visual Studio Version 17
VisualStudioVersion = 17.2.32616.157
MinimumVisualStudioVersion = 10.0.40219.1
Project("{FAE04EC0-301F-11D3-BF4B-00C04F79EFBC}") = "CALCULATORP3", "CALCULATORP3.csproj", "{5A6DE81E-CD9F-45EA-9406-3FF645D49909}"
EndProject
Global
	GlobalSection(SolutionConfigurationPlatforms) = preSolution
		Debug|Any CPU = Debug|Any CPU
		Release|Any CPU = Release|Any CPU
	EndGlobalSection
	GlobalSection(ProjectConfigurationPlatforms) = postSolution
		{5A6DE81E-CD9F-45EA-9406-3FF645D49909}.Debug|Any CPU.ActiveCfg = Debug|Any CPU
		{5A6DE81E-CD9F-45EA-9406-3FF645D49909}.Debug|Any CPU.Build.0 = Debug|Any CPU
		{5A6DE81E-CD9F-45EA-9406-3FF645D49909}.Release|Any CPU.ActiveCfg = Release|Any CPU
		{5A6DE81E-CD9F-45EA-9406-3FF645D49909}.Release|Any CPU.Build.0 = Release|Any CPU
	EndGlobalSection
	GlobalSection(SolutionProperties) = preSolution
		HideSolutionNode = FALSE
	EndGlobalSection
	GlobalSection(ExtensibilityGlobals) = postSolution
		SolutionGuid = {A707D3CE-A877-4D34-A870-9E8A313CA04E}
	EndGlobalSection
EndGlobal
